// !$*UTF8*$!
{
	archiveVersion = 1;
	classes = {
	};
	objectVersion = 48;
	objects = {

/* Begin PBXBuildFile section */
		2BF112132109CE80006FB16E /* MarvelViewController.swift in Sources */ = {isa = PBXBuildFile; fileRef = 2BF112122109CE80006FB16E /* MarvelViewController.swift */; };
		2BF11215210A37F4006FB16E /* ImageViewExtension.swift in Sources */ = {isa = PBXBuildFile; fileRef = 2BF11214210A37F4006FB16E /* ImageViewExtension.swift */; };
		4955529977A4962B856BDD51 /* Pods_Marvel.framework in Frameworks */ = {isa = PBXBuildFile; fileRef = 35D52BEFA9A4FDDF1792D445 /* Pods_Marvel.framework */; };
		D20E549021075C4100B9C57C /* AppDelegate.swift in Sources */ = {isa = PBXBuildFile; fileRef = D20E548F21075C4100B9C57C /* AppDelegate.swift */; };
		D20E549521075C4100B9C57C /* Marvel.storyboard in Resources */ = {isa = PBXBuildFile; fileRef = D20E549321075C4100B9C57C /* Marvel.storyboard */; };
		D20E549721075C4100B9C57C /* Assets.xcassets in Resources */ = {isa = PBXBuildFile; fileRef = D20E549621075C4100B9C57C /* Assets.xcassets */; };
		D20E549A21075C4100B9C57C /* LaunchScreen.storyboard in Resources */ = {isa = PBXBuildFile; fileRef = D20E549821075C4100B9C57C /* LaunchScreen.storyboard */; };
		D20E54AA2107610700B9C57C /* MarvelCell.swift in Sources */ = {isa = PBXBuildFile; fileRef = D20E54A82107610700B9C57C /* MarvelCell.swift */; };
		D20E54AD2107675E00B9C57C /* MarvelModel.swift in Sources */ = {isa = PBXBuildFile; fileRef = D20E54AC2107675E00B9C57C /* MarvelModel.swift */; };
		D20E54B72107796F00B9C57C /* APIClient.swift in Sources */ = {isa = PBXBuildFile; fileRef = D20E54B52107796F00B9C57C /* APIClient.swift */; };
		D20E54B82107796F00B9C57C /* AlamofireClient.swift in Sources */ = {isa = PBXBuildFile; fileRef = D20E54B62107796F00B9C57C /* AlamofireClient.swift */; };
		D20E54BA21077E5E00B9C57C /* DataSourceContract.swift in Sources */ = {isa = PBXBuildFile; fileRef = D20E54B921077E5E00B9C57C /* DataSourceContract.swift */; };
		D20E54BC21077E7500B9C57C /* Repository.swift in Sources */ = {isa = PBXBuildFile; fileRef = D20E54BB21077E7500B9C57C /* Repository.swift */; };
		D20E54BE21077E8A00B9C57C /* RemoteDataSource.swift in Sources */ = {isa = PBXBuildFile; fileRef = D20E54BD21077E8A00B9C57C /* RemoteDataSource.swift */; };
		D20E54C12108976A00B9C57C /* APIStatics.swift in Sources */ = {isa = PBXBuildFile; fileRef = D20E54C02108976A00B9C57C /* APIStatics.swift */; };
		D20E54C32108997300B9C57C /* getCharacterContract.swift in Sources */ = {isa = PBXBuildFile; fileRef = D20E54C22108997300B9C57C /* getCharacterContract.swift */; };
		D20E54C52108A06700B9C57C /* getCharactersUseCase.swift in Sources */ = {isa = PBXBuildFile; fileRef = D20E54C42108A06700B9C57C /* getCharactersUseCase.swift */; };
		D20E54C7210DFDFE00B9C57C /* MarvelPresenter.swift in Sources */ = {isa = PBXBuildFile; fileRef = D20E54C6210DFDFE00B9C57C /* MarvelPresenter.swift */; };
/* End PBXBuildFile section */

/* Begin PBXFileReference section */
		2BF112122109CE80006FB16E /* MarvelViewController.swift */ = {isa = PBXFileReference; lastKnownFileType = sourcecode.swift; path = MarvelViewController.swift; sourceTree = "<group>"; };
		2BF11214210A37F4006FB16E /* ImageViewExtension.swift */ = {isa = PBXFileReference; lastKnownFileType = sourcecode.swift; path = ImageViewExtension.swift; sourceTree = "<group>"; };
		35D52BEFA9A4FDDF1792D445 /* Pods_Marvel.framework */ = {isa = PBXFileReference; explicitFileType = wrapper.framework; includeInIndex = 0; path = Pods_Marvel.framework; sourceTree = BUILT_PRODUCTS_DIR; };
		5DE3370FA893AD288B125073 /* Pods-Marvel.release.xcconfig */ = {isa = PBXFileReference; includeInIndex = 1; lastKnownFileType = text.xcconfig; name = "Pods-Marvel.release.xcconfig"; path = "Pods/Target Support Files/Pods-Marvel/Pods-Marvel.release.xcconfig"; sourceTree = "<group>"; };
		C55360C2D3278D796BF7DC51 /* Pods-Marvel.debug.xcconfig */ = {isa = PBXFileReference; includeInIndex = 1; lastKnownFileType = text.xcconfig; name = "Pods-Marvel.debug.xcconfig"; path = "Pods/Target Support Files/Pods-Marvel/Pods-Marvel.debug.xcconfig"; sourceTree = "<group>"; };
		D20E548C21075C4100B9C57C /* Marvel.app */ = {isa = PBXFileReference; explicitFileType = wrapper.application; includeInIndex = 0; path = Marvel.app; sourceTree = BUILT_PRODUCTS_DIR; };
		D20E548F21075C4100B9C57C /* AppDelegate.swift */ = {isa = PBXFileReference; lastKnownFileType = sourcecode.swift; path = AppDelegate.swift; sourceTree = "<group>"; };
		D20E549421075C4100B9C57C /* Base */ = {isa = PBXFileReference; lastKnownFileType = file.storyboard; name = Base; path = Base.lproj/Marvel.storyboard; sourceTree = "<group>"; };
		D20E549621075C4100B9C57C /* Assets.xcassets */ = {isa = PBXFileReference; lastKnownFileType = folder.assetcatalog; path = Assets.xcassets; sourceTree = "<group>"; };
		D20E549921075C4100B9C57C /* Base */ = {isa = PBXFileReference; lastKnownFileType = file.storyboard; name = Base; path = Base.lproj/LaunchScreen.storyboard; sourceTree = "<group>"; };
		D20E549B21075C4100B9C57C /* Info.plist */ = {isa = PBXFileReference; lastKnownFileType = text.plist.xml; path = Info.plist; sourceTree = "<group>"; };
		D20E54A82107610700B9C57C /* MarvelCell.swift */ = {isa = PBXFileReference; lastKnownFileType = sourcecode.swift; path = MarvelCell.swift; sourceTree = "<group>"; };
		D20E54AC2107675E00B9C57C /* MarvelModel.swift */ = {isa = PBXFileReference; lastKnownFileType = sourcecode.swift; path = MarvelModel.swift; sourceTree = "<group>"; };
		D20E54B52107796F00B9C57C /* APIClient.swift */ = {isa = PBXFileReference; fileEncoding = 4; lastKnownFileType = sourcecode.swift; path = APIClient.swift; sourceTree = "<group>"; };
		D20E54B62107796F00B9C57C /* AlamofireClient.swift */ = {isa = PBXFileReference; fileEncoding = 4; lastKnownFileType = sourcecode.swift; path = AlamofireClient.swift; sourceTree = "<group>"; };
		D20E54B921077E5E00B9C57C /* DataSourceContract.swift */ = {isa = PBXFileReference; lastKnownFileType = sourcecode.swift; path = DataSourceContract.swift; sourceTree = "<group>"; };
		D20E54BB21077E7500B9C57C /* Repository.swift */ = {isa = PBXFileReference; lastKnownFileType = sourcecode.swift; path = Repository.swift; sourceTree = "<group>"; };
		D20E54BD21077E8A00B9C57C /* RemoteDataSource.swift */ = {isa = PBXFileReference; lastKnownFileType = sourcecode.swift; path = RemoteDataSource.swift; sourceTree = "<group>"; };
		D20E54C02108976A00B9C57C /* APIStatics.swift */ = {isa = PBXFileReference; lastKnownFileType = sourcecode.swift; path = APIStatics.swift; sourceTree = "<group>"; };
		D20E54C22108997300B9C57C /* getCharacterContract.swift */ = {isa = PBXFileReference; lastKnownFileType = sourcecode.swift; path = getCharacterContract.swift; sourceTree = "<group>"; };
		D20E54C42108A06700B9C57C /* getCharactersUseCase.swift */ = {isa = PBXFileReference; lastKnownFileType = sourcecode.swift; path = getCharactersUseCase.swift; sourceTree = "<group>"; };
		D20E54C6210DFDFE00B9C57C /* MarvelPresenter.swift */ = {isa = PBXFileReference; lastKnownFileType = sourcecode.swift; path = MarvelPresenter.swift; sourceTree = "<group>"; };
/* End PBXFileReference section */

/* Begin PBXFrameworksBuildPhase section */
		D20E548921075C4100B9C57C /* Frameworks */ = {
			isa = PBXFrameworksBuildPhase;
			buildActionMask = 2147483647;
			files = (
				4955529977A4962B856BDD51 /* Pods_Marvel.framework in Frameworks */,
			);
			runOnlyForDeploymentPostprocessing = 0;
		};
/* End PBXFrameworksBuildPhase section */

/* Begin PBXGroup section */
		01224CEC3AE3B529C6643CFD /* Pods */ = {
			isa = PBXGroup;
			children = (
				C55360C2D3278D796BF7DC51 /* Pods-Marvel.debug.xcconfig */,
				5DE3370FA893AD288B125073 /* Pods-Marvel.release.xcconfig */,
			);
			name = Pods;
			sourceTree = "<group>";
		};
		597C99EA66915DA7845339F4 /* Frameworks */ = {
			isa = PBXGroup;
			children = (
				35D52BEFA9A4FDDF1792D445 /* Pods_Marvel.framework */,
			);
			name = Frameworks;
			sourceTree = "<group>";
		};
		D20E548321075C4100B9C57C = {
			isa = PBXGroup;
			children = (
				D20E548E21075C4100B9C57C /* Marvel */,
				D20E548D21075C4100B9C57C /* Products */,
				01224CEC3AE3B529C6643CFD /* Pods */,
				597C99EA66915DA7845339F4 /* Frameworks */,
			);
			sourceTree = "<group>";
		};
		D20E548D21075C4100B9C57C /* Products */ = {
			isa = PBXGroup;
			children = (
				D20E548C21075C4100B9C57C /* Marvel.app */,
			);
			name = Products;
			sourceTree = "<group>";
		};
		D20E548E21075C4100B9C57C /* Marvel */ = {
			isa = PBXGroup;
			children = (
				D20E54A321075F8600B9C57C /* Bussiness */,
				D20E54A221075F2E00B9C57C /* Presentation */,
				D20E54A121075F2400B9C57C /* Data */,
				D20E54A421075FB700B9C57C /* Support Files */,
				D20E549B21075C4100B9C57C /* Info.plist */,
			);
			path = Marvel;
			sourceTree = "<group>";
		};
		D20E54A121075F2400B9C57C /* Data */ = {
			isa = PBXGroup;
			children = (
				D20E54C02108976A00B9C57C /* APIStatics.swift */,
				D20E54B62107796F00B9C57C /* AlamofireClient.swift */,
				D20E54B52107796F00B9C57C /* APIClient.swift */,
				D20E54AC2107675E00B9C57C /* MarvelModel.swift */,
				D20E54BF21077EAB00B9C57C /* MarvelDataSource */,
			);
			path = Data;
			sourceTree = "<group>";
		};
		D20E54A221075F2E00B9C57C /* Presentation */ = {
			isa = PBXGroup;
			children = (
				D20E54B021076F4A00B9C57C /* MarvelTableView */,
			);
			path = Presentation;
			sourceTree = "<group>";
		};
		D20E54A321075F8600B9C57C /* Bussiness */ = {
			isa = PBXGroup;
			children = (
				D20E54C22108997300B9C57C /* getCharacterContract.swift */,
				D20E54C42108A06700B9C57C /* getCharactersUseCase.swift */,
			);
			path = Bussiness;
			sourceTree = "<group>";
		};
		D20E54A421075FB700B9C57C /* Support Files */ = {
			isa = PBXGroup;
			children = (
				D20E548F21075C4100B9C57C /* AppDelegate.swift */,
				D20E549621075C4100B9C57C /* Assets.xcassets */,
				D20E549821075C4100B9C57C /* LaunchScreen.storyboard */,
				2BF11214210A37F4006FB16E /* ImageViewExtension.swift */,
			);
			path = "Support Files";
			sourceTree = "<group>";
		};
		D20E54B021076F4A00B9C57C /* MarvelTableView */ = {
			isa = PBXGroup;
			children = (
				D20E549321075C4100B9C57C /* Marvel.storyboard */,
				D20E54A82107610700B9C57C /* MarvelCell.swift */,
				2BF112122109CE80006FB16E /* MarvelViewController.swift */,
				D20E54C6210DFDFE00B9C57C /* MarvelPresenter.swift */,
			);
			path = MarvelTableView;
			sourceTree = "<group>";
		};
		D20E54BF21077EAB00B9C57C /* MarvelDataSource */ = {
			isa = PBXGroup;
			children = (
				D20E54B921077E5E00B9C57C /* DataSourceContract.swift */,
				D20E54BD21077E8A00B9C57C /* RemoteDataSource.swift */,
				D20E54BB21077E7500B9C57C /* Repository.swift */,
			);
			path = MarvelDataSource;
			sourceTree = "<group>";
		};
/* End PBXGroup section */

/* Begin PBXNativeTarget section */
		D20E548B21075C4100B9C57C /* Marvel */ = {
			isa = PBXNativeTarget;
			buildConfigurationList = D20E549E21075C4100B9C57C /* Build configuration list for PBXNativeTarget "Marvel" */;
			buildPhases = (
				F916CD02C0E5E0EF9E2AEC5D /* [CP] Check Pods Manifest.lock */,
				D20E548821075C4100B9C57C /* Sources */,
				D20E548921075C4100B9C57C /* Frameworks */,
				D20E548A21075C4100B9C57C /* Resources */,
				90C72D6E5BB778AE93994096 /* [CP] Embed Pods Frameworks */,
				D2E4D9617656A648E2CEB822 /* [CP] Copy Pods Resources */,
			);
			buildRules = (
			);
			dependencies = (
			);
			name = Marvel;
			productName = Marvel;
			productReference = D20E548C21075C4100B9C57C /* Marvel.app */;
			productType = "com.apple.product-type.application";
		};
/* End PBXNativeTarget section */

/* Begin PBXProject section */
		D20E548421075C4100B9C57C /* Project object */ = {
			isa = PBXProject;
			attributes = {
				LastSwiftUpdateCheck = 0920;
				LastUpgradeCheck = 0920;
				ORGANIZATIONNAME = "Ahmad Ragab";
				TargetAttributes = {
					D20E548B21075C4100B9C57C = {
						CreatedOnToolsVersion = 9.2;
						ProvisioningStyle = Automatic;
					};
				};
			};
			buildConfigurationList = D20E548721075C4100B9C57C /* Build configuration list for PBXProject "Marvel" */;
			compatibilityVersion = "Xcode 8.0";
			developmentRegion = en;
			hasScannedForEncodings = 0;
			knownRegions = (
				en,
				Base,
			);
			mainGroup = D20E548321075C4100B9C57C;
			productRefGroup = D20E548D21075C4100B9C57C /* Products */;
			projectDirPath = "";
			projectRoot = "";
			targets = (
				D20E548B21075C4100B9C57C /* Marvel */,
			);
		};
/* End PBXProject section */

/* Begin PBXResourcesBuildPhase section */
		D20E548A21075C4100B9C57C /* Resources */ = {
			isa = PBXResourcesBuildPhase;
			buildActionMask = 2147483647;
			files = (
				D20E549A21075C4100B9C57C /* LaunchScreen.storyboard in Resources */,
				D20E549721075C4100B9C57C /* Assets.xcassets in Resources */,
				D20E549521075C4100B9C57C /* Marvel.storyboard in Resources */,
			);
			runOnlyForDeploymentPostprocessing = 0;
		};
/* End PBXResourcesBuildPhase section */

/* Begin PBXShellScriptBuildPhase section */
		90C72D6E5BB778AE93994096 /* [CP] Embed Pods Frameworks */ = {
			isa = PBXShellScriptBuildPhase;
			buildActionMask = 2147483647;
			files = (
			);
			inputPaths = (
				"${SRCROOT}/Pods/Target Support Files/Pods-Marvel/Pods-Marvel-frameworks.sh",
				"${BUILT_PRODUCTS_DIR}/Alamofire/Alamofire.framework",
				"${BUILT_PRODUCTS_DIR}/SwiftHash/SwiftHash.framework",
			);
			name = "[CP] Embed Pods Frameworks";
			outputPaths = (
				"${TARGET_BUILD_DIR}/${FRAMEWORKS_FOLDER_PATH}/Alamofire.framework",
				"${TARGET_BUILD_DIR}/${FRAMEWORKS_FOLDER_PATH}/SwiftHash.framework",
			);
			runOnlyForDeploymentPostprocessing = 0;
			shellPath = /bin/sh;
			shellScript = "\"${SRCROOT}/Pods/Target Support Files/Pods-Marvel/Pods-Marvel-frameworks.sh\"\n";
			showEnvVarsInLog = 0;
		};
		D2E4D9617656A648E2CEB822 /* [CP] Copy Pods Resources */ = {
			isa = PBXShellScriptBuildPhase;
			buildActionMask = 2147483647;
			files = (
			);
			inputPaths = (
			);
			name = "[CP] Copy Pods Resources";
			outputPaths = (
			);
			runOnlyForDeploymentPostprocessing = 0;
			shellPath = /bin/sh;
			shellScript = "\"${SRCROOT}/Pods/Target Support Files/Pods-Marvel/Pods-Marvel-resources.sh\"\n";
			showEnvVarsInLog = 0;
		};
		F916CD02C0E5E0EF9E2AEC5D /* [CP] Check Pods Manifest.lock */ = {
			isa = PBXShellScriptBuildPhase;
			buildActionMask = 2147483647;
			files = (
			);
			inputPaths = (
				"${PODS_PODFILE_DIR_PATH}/Podfile.lock",
				"${PODS_ROOT}/Manifest.lock",
			);
			name = "[CP] Check Pods Manifest.lock";
			outputPaths = (
				"$(DERIVED_FILE_DIR)/Pods-Marvel-checkManifestLockResult.txt",
			);
			runOnlyForDeploymentPostprocessing = 0;
			shellPath = /bin/sh;
			shellScript = "diff \"${PODS_PODFILE_DIR_PATH}/Podfile.lock\" \"${PODS_ROOT}/Manifest.lock\" > /dev/null\nif [ $? != 0 ] ; then\n    # print error to STDERR\n    echo \"error: The sandbox is not in sync with the Podfile.lock. Run 'pod install' or update your CocoaPods installation.\" >&2\n    exit 1\nfi\n# This output is used by Xcode 'outputs' to avoid re-running this script phase.\necho \"SUCCESS\" > \"${SCRIPT_OUTPUT_FILE_0}\"\n";
			showEnvVarsInLog = 0;
		};
/* End PBXShellScriptBuildPhase section */

/* Begin PBXSourcesBuildPhase section */
		D20E548821075C4100B9C57C /* Sources */ = {
			isa = PBXSourcesBuildPhase;
			buildActionMask = 2147483647;
			files = (
				D20E54C32108997300B9C57C /* getCharacterContract.swift in Sources */,
				D20E549021075C4100B9C57C /* AppDelegate.swift in Sources */,
				D20E54BA21077E5E00B9C57C /* DataSourceContract.swift in Sources */,
				D20E54B82107796F00B9C57C /* AlamofireClient.swift in Sources */,
				D20E54C52108A06700B9C57C /* getCharactersUseCase.swift in Sources */,
				D20E54BE21077E8A00B9C57C /* RemoteDataSource.swift in Sources */,
				2BF11215210A37F4006FB16E /* ImageViewExtension.swift in Sources */,
				D20E54C7210DFDFE00B9C57C /* MarvelPresenter.swift in Sources */,
				2BF112132109CE80006FB16E /* MarvelViewController.swift in Sources */,
				D20E54AD2107675E00B9C57C /* MarvelModel.swift in Sources */,
				D20E54C12108976A00B9C57C /* APIStatics.swift in Sources */,
				D20E54B72107796F00B9C57C /* APIClient.swift in Sources */,
				D20E54BC21077E7500B9C57C /* Repository.swift in Sources */,
				D20E54AA2107610700B9C57C /* MarvelCell.swift in Sources */,
			);
			runOnlyForDeploymentPostprocessing = 0;
		};
/* End PBXSourcesBuildPhase section */

/* Begin PBXVariantGroup section */
		D20E549321075C4100B9C57C /* Marvel.storyboard */ = {
			isa = PBXVariantGroup;
			children = (
				D20E549421075C4100B9C57C /* Base */,
			);
			name = Marvel.storyboard;
			sourceTree = "<group>";
		};
		D20E549821075C4100B9C57C /* LaunchScreen.storyboard */ = {
			isa = PBXVariantGroup;
			children = (
				D20E549921075C4100B9C57C /* Base */,
			);
			name = LaunchScreen.storyboard;
			sourceTree = "<group>";
		};
/* End PBXVariantGroup section */

/* Begin XCBuildConfiguration section */
		D20E549C21075C4100B9C57C /* Debug */ = {
			isa = XCBuildConfiguration;
			buildSettings = {
				ALWAYS_SEARCH_USER_PATHS = NO;
				CLANG_ANALYZER_NONNULL = YES;
				CLANG_ANALYZER_NUMBER_OBJECT_CONVERSION = YES_AGGRESSIVE;
				CLANG_CXX_LANGUAGE_STANDARD = "gnu++14";
				CLANG_CXX_LIBRARY = "libc++";
				CLANG_ENABLE_MODULES = YES;
				CLANG_ENABLE_OBJC_ARC = YES;
				CLANG_WARN_BLOCK_CAPTURE_AUTORELEASING = YES;
				CLANG_WARN_BOOL_CONVERSION = YES;
				CLANG_WARN_COMMA = YES;
				CLANG_WARN_CONSTANT_CONVERSION = YES;
				CLANG_WARN_DIRECT_OBJC_ISA_USAGE = YES_ERROR;
				CLANG_WARN_DOCUMENTATION_COMMENTS = YES;
				CLANG_WARN_EMPTY_BODY = YES;
				CLANG_WARN_ENUM_CONVERSION = YES;
				CLANG_WARN_INFINITE_RECURSION = YES;
				CLANG_WARN_INT_CONVERSION = YES;
				CLANG_WARN_NON_LITERAL_NULL_CONVERSION = YES;
				CLANG_WARN_OBJC_LITERAL_CONVERSION = YES;
				CLANG_WARN_OBJC_ROOT_CLASS = YES_ERROR;
				CLANG_WARN_RANGE_LOOP_ANALYSIS = YES;
				CLANG_WARN_STRICT_PROTOTYPES = YES;
				CLANG_WARN_SUSPICIOUS_MOVE = YES;
				CLANG_WARN_UNGUARDED_AVAILABILITY = YES_AGGRESSIVE;
				CLANG_WARN_UNREACHABLE_CODE = YES;
				CLANG_WARN__DUPLICATE_METHOD_MATCH = YES;
				CODE_SIGN_IDENTITY = "iPhone Developer";
				COPY_PHASE_STRIP = NO;
				DEBUG_INFORMATION_FORMAT = dwarf;
				ENABLE_STRICT_OBJC_MSGSEND = YES;
				ENABLE_TESTABILITY = YES;
				GCC_C_LANGUAGE_STANDARD = gnu11;
				GCC_DYNAMIC_NO_PIC = NO;
				GCC_NO_COMMON_BLOCKS = YES;
				GCC_OPTIMIZATION_LEVEL = 0;
				GCC_PREPROCESSOR_DEFINITIONS = (
					"DEBUG=1",
					"$(inherited)",
				);
				GCC_WARN_64_TO_32_BIT_CONVERSION = YES;
				GCC_WARN_ABOUT_RETURN_TYPE = YES_ERROR;
				GCC_WARN_UNDECLARED_SELECTOR = YES;
				GCC_WARN_UNINITIALIZED_AUTOS = YES_AGGRESSIVE;
				GCC_WARN_UNUSED_FUNCTION = YES;
				GCC_WARN_UNUSED_VARIABLE = YES;
				IPHONEOS_DEPLOYMENT_TARGET = 11.2;
				MTL_ENABLE_DEBUG_INFO = YES;
				ONLY_ACTIVE_ARCH = YES;
				SDKROOT = iphoneos;
				SWIFT_ACTIVE_COMPILATION_CONDITIONS = DEBUG;
				SWIFT_OPTIMIZATION_LEVEL = "-Onone";
			};
			name = Debug;
		};
		D20E549D21075C4100B9C57C /* Release */ = {
			isa = XCBuildConfiguration;
			buildSettings = {
				ALWAYS_SEARCH_USER_PATHS = NO;
				CLANG_ANALYZER_NONNULL = YES;
				CLANG_ANALYZER_NUMBER_OBJECT_CONVERSION = YES_AGGRESSIVE;
				CLANG_CXX_LANGUAGE_STANDARD = "gnu++14";
				CLANG_CXX_LIBRARY = "libc++";
				CLANG_ENABLE_MODULES = YES;
				CLANG_ENABLE_OBJC_ARC = YES;
				CLANG_WARN_BLOCK_CAPTURE_AUTORELEASING = YES;
				CLANG_WARN_BOOL_CONVERSION = YES;
				CLANG_WARN_COMMA = YES;
				CLANG_WARN_CONSTANT_CONVERSION = YES;
				CLANG_WARN_DIRECT_OBJC_ISA_USAGE = YES_ERROR;
				CLANG_WARN_DOCUMENTATION_COMMENTS = YES;
				CLANG_WARN_EMPTY_BODY = YES;
				CLANG_WARN_ENUM_CONVERSION = YES;
				CLANG_WARN_INFINITE_RECURSION = YES;
				CLANG_WARN_INT_CONVERSION = YES;
				CLANG_WARN_NON_LITERAL_NULL_CONVERSION = YES;
				CLANG_WARN_OBJC_LITERAL_CONVERSION = YES;
				CLANG_WARN_OBJC_ROOT_CLASS = YES_ERROR;
				CLANG_WARN_RANGE_LOOP_ANALYSIS = YES;
				CLANG_WARN_STRICT_PROTOTYPES = YES;
				CLANG_WARN_SUSPICIOUS_MOVE = YES;
				CLANG_WARN_UNGUARDED_AVAILABILITY = YES_AGGRESSIVE;
				CLANG_WARN_UNREACHABLE_CODE = YES;
				CLANG_WARN__DUPLICATE_METHOD_MATCH = YES;
				CODE_SIGN_IDENTITY = "iPhone Developer";
				COPY_PHASE_STRIP = NO;
				DEBUG_INFORMATION_FORMAT = "dwarf-with-dsym";
				ENABLE_NS_ASSERTIONS = NO;
				ENABLE_STRICT_OBJC_MSGSEND = YES;
				GCC_C_LANGUAGE_STANDARD = gnu11;
				GCC_NO_COMMON_BLOCKS = YES;
				GCC_WARN_64_TO_32_BIT_CONVERSION = YES;
				GCC_WARN_ABOUT_RETURN_TYPE = YES_ERROR;
				GCC_WARN_UNDECLARED_SELECTOR = YES;
				GCC_WARN_UNINITIALIZED_AUTOS = YES_AGGRESSIVE;
				GCC_WARN_UNUSED_FUNCTION = YES;
				GCC_WARN_UNUSED_VARIABLE = YES;
				IPHONEOS_DEPLOYMENT_TARGET = 11.2;
				MTL_ENABLE_DEBUG_INFO = NO;
				SDKROOT = iphoneos;
				SWIFT_OPTIMIZATION_LEVEL = "-Owholemodule";
				VALIDATE_PRODUCT = YES;
			};
			name = Release;
		};
		D20E549F21075C4100B9C57C /* Debug */ = {
			isa = XCBuildConfiguration;
			baseConfigurationReference = C55360C2D3278D796BF7DC51 /* Pods-Marvel.debug.xcconfig */;
			buildSettings = {
				ASSETCATALOG_COMPILER_APPICON_NAME = AppIcon;
				CODE_SIGN_STYLE = Automatic;
				DEVELOPMENT_TEAM = XN389VF5QE;
				INFOPLIST_FILE = Marvel/Info.plist;
				IPHONEOS_DEPLOYMENT_TARGET = 11.1;
				LD_RUNPATH_SEARCH_PATHS = "$(inherited) @executable_path/Frameworks";
				PRODUCT_BUNDLE_IDENTIFIER = com.AhmadRagab.Marvel;
				PRODUCT_NAME = "$(TARGET_NAME)";
				SWIFT_VERSION = 4.0;
				TARGETED_DEVICE_FAMILY = "1,2";
			};
			name = Debug;
		};
		D20E54A021075C4100B9C57C /* Release */ = {
			isa = XCBuildConfiguration;
			baseConfigurationReference = 5DE3370FA893AD288B125073 /* Pods-Marvel.release.xcconfig */;
			buildSettings = {
				ASSETCATALOG_COMPILER_APPICON_NAME = AppIcon;
				CODE_SIGN_STYLE = Automatic;
				DEVELOPMENT_TEAM = XN389VF5QE;
				INFOPLIST_FILE = Marvel/Info.plist;
				IPHONEOS_DEPLOYMENT_TARGET = 11.1;
				LD_RUNPATH_SEARCH_PATHS = "$(inherited) @executable_path/Frameworks";
				PRODUCT_BUNDLE_IDENTIFIER = com.AhmadRagab.Marvel;
				PRODUCT_NAME = "$(TARGET_NAME)";
				SWIFT_VERSION = 4.0;
				TARGETED_DEVICE_FAMILY = "1,2";
			};
			name = Release;
		};
/* End XCBuildConfiguration section */

/* Begin XCConfigurationList section */
		D20E548721075C4100B9C57C /* Build configuration list for PBXProject "Marvel" */ = {
			isa = XCConfigurationList;
			buildConfigurations = (
				D20E549C21075C4100B9C57C /* Debug */,
				D20E549D21075C4100B9C57C /* Release */,
			);
			defaultConfigurationIsVisible = 0;
			defaultConfigurationName = Release;
		};
		D20E549E21075C4100B9C57C /* Build configuration list for PBXNativeTarget "Marvel" */ = {
			isa = XCConfigurationList;
			buildConfigurations = (
				D20E549F21075C4100B9C57C /* Debug */,
				D20E54A021075C4100B9C57C /* Release */,
			);
			defaultConfigurationIsVisible = 0;
			defaultConfigurationName = Release;
		};
/* End XCConfigurationList section */
	};
	rootObject = D20E548421075C4100B9C57C /* Project object */;
}
